// !$*UTF8*$!
{
	archiveVersion = 1;
	classes = {
	};
	objectVersion = 50;
	objects = {

/* Begin PBXBuildFile section */
		3FAD3F3226C3106400CA380B /* AppDelegate.swift in Sources */ = {isa = PBXBuildFile; fileRef = 3FAD3F3126C3106400CA380B /* AppDelegate.swift */; };
		3FAD3F3426C3106400CA380B /* SceneDelegate.swift in Sources */ = {isa = PBXBuildFile; fileRef = 3FAD3F3326C3106400CA380B /* SceneDelegate.swift */; };
		3FAD3F3626C3106400CA380B /* ViewController.swift in Sources */ = {isa = PBXBuildFile; fileRef = 3FAD3F3526C3106400CA380B /* ViewController.swift */; };
		3FAD3F3926C3106400CA380B /* Main.storyboard in Resources */ = {isa = PBXBuildFile; fileRef = 3FAD3F3726C3106400CA380B /* Main.storyboard */; };
		3FAD3F3C26C3106400CA380B /* Audio_App.xcdatamodeld in Sources */ = {isa = PBXBuildFile; fileRef = 3FAD3F3A26C3106400CA380B /* Audio_App.xcdatamodeld */; };
		3FAD3F3E26C3106700CA380B /* Assets.xcassets in Resources */ = {isa = PBXBuildFile; fileRef = 3FAD3F3D26C3106700CA380B /* Assets.xcassets */; };
		3FAD3F4126C3106700CA380B /* LaunchScreen.storyboard in Resources */ = {isa = PBXBuildFile; fileRef = 3FAD3F3F26C3106700CA380B /* LaunchScreen.storyboard */; };
		3FAD3F4C26C3106800CA380B /* Audio_AppTests.swift in Sources */ = {isa = PBXBuildFile; fileRef = 3FAD3F4B26C3106800CA380B /* Audio_AppTests.swift */; };
		3FAD3F5726C3106800CA380B /* Audio_AppUITests.swift in Sources */ = {isa = PBXBuildFile; fileRef = 3FAD3F5626C3106800CA380B /* Audio_AppUITests.swift */; };
		3FAD3F6526C310CB00CA380B /* Itadori.jpeg in Resources */ = {isa = PBXBuildFile; fileRef = 3FAD3F6426C310CB00CA380B /* Itadori.jpeg */; };
		3FAD3F6726C310D700CA380B /* Mr. Goatee - Lost in Paradise (From _Jujutsu Kaisen_) myfreemp3.vip  (1).mp3 in Resources */ = {isa = PBXBuildFile; fileRef = 3FAD3F6626C310D700CA380B /* Mr. Goatee - Lost in Paradise (From _Jujutsu Kaisen_) myfreemp3.vip  (1).mp3 */; };
/* End PBXBuildFile section */

/* Begin PBXContainerItemProxy section */
		3FAD3F4826C3106800CA380B /* PBXContainerItemProxy */ = {
			isa = PBXContainerItemProxy;
			containerPortal = 3FAD3F2626C3106400CA380B /* Project object */;
			proxyType = 1;
			remoteGlobalIDString = 3FAD3F2D26C3106400CA380B;
			remoteInfo = "Audio App";
		};
		3FAD3F5326C3106800CA380B /* PBXContainerItemProxy */ = {
			isa = PBXContainerItemProxy;
			containerPortal = 3FAD3F2626C3106400CA380B /* Project object */;
			proxyType = 1;
			remoteGlobalIDString = 3FAD3F2D26C3106400CA380B;
			remoteInfo = "Audio App";
		};
/* End PBXContainerItemProxy section */

/* Begin PBXFileReference section */
		3FAD3F2E26C3106400CA380B /* Audio App.app */ = {isa = PBXFileReference; explicitFileType = wrapper.application; includeInIndex = 0; path = "Audio App.app"; sourceTree = BUILT_PRODUCTS_DIR; };
		3FAD3F3126C3106400CA380B /* AppDelegate.swift */ = {isa = PBXFileReference; lastKnownFileType = sourcecode.swift; path = AppDelegate.swift; sourceTree = "<group>"; };
		3FAD3F3326C3106400CA380B /* SceneDelegate.swift */ = {isa = PBXFileReference; lastKnownFileType = sourcecode.swift; path = SceneDelegate.swift; sourceTree = "<group>"; };
		3FAD3F3526C3106400CA380B /* ViewController.swift */ = {isa = PBXFileReference; lastKnownFileType = sourcecode.swift; path = ViewController.swift; sourceTree = "<group>"; };
		3FAD3F3826C3106400CA380B /* Base */ = {isa = PBXFileReference; lastKnownFileType = file.storyboard; name = Base; path = Base.lproj/Main.storyboard; sourceTree = "<group>"; };
		3FAD3F3B26C3106400CA380B /* Audio_App.xcdatamodel */ = {isa = PBXFileReference; lastKnownFileType = wrapper.xcdatamodel; path = Audio_App.xcdatamodel; sourceTree = "<group>"; };
		3FAD3F3D26C3106700CA380B /* Assets.xcassets */ = {isa = PBXFileReference; lastKnownFileType = folder.assetcatalog; path = Assets.xcassets; sourceTree = "<group>"; };
		3FAD3F4026C3106700CA380B /* Base */ = {isa = PBXFileReference; lastKnownFileType = file.storyboard; name = Base; path = Base.lproj/LaunchScreen.storyboard; sourceTree = "<group>"; };
		3FAD3F4226C3106700CA380B /* Info.plist */ = {isa = PBXFileReference; lastKnownFileType = text.plist.xml; path = Info.plist; sourceTree = "<group>"; };
		3FAD3F4726C3106700CA380B /* Audio AppTests.xctest */ = {isa = PBXFileReference; explicitFileType = wrapper.cfbundle; includeInIndex = 0; path = "Audio AppTests.xctest"; sourceTree = BUILT_PRODUCTS_DIR; };
		3FAD3F4B26C3106800CA380B /* Audio_AppTests.swift */ = {isa = PBXFileReference; lastKnownFileType = sourcecode.swift; path = Audio_AppTests.swift; sourceTree = "<group>"; };
		3FAD3F4D26C3106800CA380B /* Info.plist */ = {isa = PBXFileReference; lastKnownFileType = text.plist.xml; path = Info.plist; sourceTree = "<group>"; };
		3FAD3F5226C3106800CA380B /* Audio AppUITests.xctest */ = {isa = PBXFileReference; explicitFileType = wrapper.cfbundle; includeInIndex = 0; path = "Audio AppUITests.xctest"; sourceTree = BUILT_PRODUCTS_DIR; };
		3FAD3F5626C3106800CA380B /* Audio_AppUITests.swift */ = {isa = PBXFileReference; lastKnownFileType = sourcecode.swift; path = Audio_AppUITests.swift; sourceTree = "<group>"; };
		3FAD3F5826C3106800CA380B /* Info.plist */ = {isa = PBXFileReference; lastKnownFileType = text.plist.xml; path = Info.plist; sourceTree = "<group>"; };
		3FAD3F6426C310CB00CA380B /* Itadori.jpeg */ = {isa = PBXFileReference; lastKnownFileType = image.jpeg; path = Itadori.jpeg; sourceTree = "<group>"; };
		3FAD3F6626C310D700CA380B /* Mr. Goatee - Lost in Paradise (From _Jujutsu Kaisen_) myfreemp3.vip  (1).mp3 */ = {isa = PBXFileReference; lastKnownFileType = audio.mp3; path = "Mr. Goatee - Lost in Paradise (From _Jujutsu Kaisen_) myfreemp3.vip  (1).mp3"; sourceTree = "<group>"; };
/* End PBXFileReference section */

/* Begin PBXFrameworksBuildPhase section */
		3FAD3F2B26C3106400CA380B /* Frameworks */ = {
			isa = PBXFrameworksBuildPhase;
			buildActionMask = 2147483647;
			files = (
			);
			runOnlyForDeploymentPostprocessing = 0;
		};
		3FAD3F4426C3106700CA380B /* Frameworks */ = {
			isa = PBXFrameworksBuildPhase;
			buildActionMask = 2147483647;
			files = (
			);
			runOnlyForDeploymentPostprocessing = 0;
		};
		3FAD3F4F26C3106800CA380B /* Frameworks */ = {
			isa = PBXFrameworksBuildPhase;
			buildActionMask = 2147483647;
			files = (
			);
			runOnlyForDeploymentPostprocessing = 0;
		};
/* End PBXFrameworksBuildPhase section */

/* Begin PBXGroup section */
		3FAD3F2526C3106400CA380B = {
			isa = PBXGroup;
			children = (
				3FAD3F3026C3106400CA380B /* Audio App */,
				3FAD3F4A26C3106800CA380B /* Audio AppTests */,
				3FAD3F5526C3106800CA380B /* Audio AppUITests */,
				3FAD3F2F26C3106400CA380B /* Products */,
			);
			sourceTree = "<group>";
		};
		3FAD3F2F26C3106400CA380B /* Products */ = {
			isa = PBXGroup;
			children = (
				3FAD3F2E26C3106400CA380B /* Audio App.app */,
				3FAD3F4726C3106700CA380B /* Audio AppTests.xctest */,
				3FAD3F5226C3106800CA380B /* Audio AppUITests.xctest */,
			);
			name = Products;
			sourceTree = "<group>";
		};
		3FAD3F3026C3106400CA380B /* Audio App */ = {
			isa = PBXGroup;
			children = (
				3FAD3F3126C3106400CA380B /* AppDelegate.swift */,
				3FAD3F3326C3106400CA380B /* SceneDelegate.swift */,
				3FAD3F3526C3106400CA380B /* ViewController.swift */,
				3FAD3F3726C3106400CA380B /* Main.storyboard */,
				3FAD3F6426C310CB00CA380B /* Itadori.jpeg */,
				3FAD3F6626C310D700CA380B /* Mr. Goatee - Lost in Paradise (From _Jujutsu Kaisen_) myfreemp3.vip  (1).mp3 */,
				3FAD3F3D26C3106700CA380B /* Assets.xcassets */,
				3FAD3F3F26C3106700CA380B /* LaunchScreen.storyboard */,
				3FAD3F4226C3106700CA380B /* Info.plist */,
				3FAD3F3A26C3106400CA380B /* Audio_App.xcdatamodeld */,
			);
			path = "Audio App";
			sourceTree = "<group>";
		};
		3FAD3F4A26C3106800CA380B /* Audio AppTests */ = {
			isa = PBXGroup;
			children = (
				3FAD3F4B26C3106800CA380B /* Audio_AppTests.swift */,
				3FAD3F4D26C3106800CA380B /* Info.plist */,
			);
			path = "Audio AppTests";
			sourceTree = "<group>";
		};
		3FAD3F5526C3106800CA380B /* Audio AppUITests */ = {
			isa = PBXGroup;
			children = (
				3FAD3F5626C3106800CA380B /* Audio_AppUITests.swift */,
				3FAD3F5826C3106800CA380B /* Info.plist */,
			);
			path = "Audio AppUITests";
			sourceTree = "<group>";
		};
/* End PBXGroup section */

/* Begin PBXNativeTarget section */
		3FAD3F2D26C3106400CA380B /* Audio App */ = {
			isa = PBXNativeTarget;
			buildConfigurationList = 3FAD3F5B26C3106800CA380B /* Build configuration list for PBXNativeTarget "Audio App" */;
			buildPhases = (
				3FAD3F2A26C3106400CA380B /* Sources */,
				3FAD3F2B26C3106400CA380B /* Frameworks */,
				3FAD3F2C26C3106400CA380B /* Resources */,
			);
			buildRules = (
			);
			dependencies = (
			);
			name = "Audio App";
			productName = "Audio App";
			productReference = 3FAD3F2E26C3106400CA380B /* Audio App.app */;
			productType = "com.apple.product-type.application";
		};
		3FAD3F4626C3106700CA380B /* Audio AppTests */ = {
			isa = PBXNativeTarget;
			buildConfigurationList = 3FAD3F5E26C3106800CA380B /* Build configuration list for PBXNativeTarget "Audio AppTests" */;
			buildPhases = (
				3FAD3F4326C3106700CA380B /* Sources */,
				3FAD3F4426C3106700CA380B /* Frameworks */,
				3FAD3F4526C3106700CA380B /* Resources */,
			);
			buildRules = (
			);
			dependencies = (
				3FAD3F4926C3106800CA380B /* PBXTargetDependency */,
			);
			name = "Audio AppTests";
			productName = "Audio AppTests";
			productReference = 3FAD3F4726C3106700CA380B /* Audio AppTests.xctest */;
			productType = "com.apple.product-type.bundle.unit-test";
		};
		3FAD3F5126C3106800CA380B /* Audio AppUITests */ = {
			isa = PBXNativeTarget;
			buildConfigurationList = 3FAD3F6126C3106800CA380B /* Build configuration list for PBXNativeTarget "Audio AppUITests" */;
			buildPhases = (
				3FAD3F4E26C3106800CA380B /* Sources */,
				3FAD3F4F26C3106800CA380B /* Frameworks */,
				3FAD3F5026C3106800CA380B /* Resources */,
			);
			buildRules = (
			);
			dependencies = (
				3FAD3F5426C3106800CA380B /* PBXTargetDependency */,
			);
			name = "Audio AppUITests";
			productName = "Audio AppUITests";
			productReference = 3FAD3F5226C3106800CA380B /* Audio AppUITests.xctest */;
			productType = "com.apple.product-type.bundle.ui-testing";
		};
/* End PBXNativeTarget section */

/* Begin PBXProject section */
		3FAD3F2626C3106400CA380B /* Project object */ = {
			isa = PBXProject;
			attributes = {
				LastSwiftUpdateCheck = 1250;
				LastUpgradeCheck = 1250;
				TargetAttributes = {
					3FAD3F2D26C3106400CA380B = {
						CreatedOnToolsVersion = 12.5;
					};
					3FAD3F4626C3106700CA380B = {
						CreatedOnToolsVersion = 12.5;
						TestTargetID = 3FAD3F2D26C3106400CA380B;
					};
					3FAD3F5126C3106800CA380B = {
						CreatedOnToolsVersion = 12.5;
						TestTargetID = 3FAD3F2D26C3106400CA380B;
					};
				};
			};
			buildConfigurationList = 3FAD3F2926C3106400CA380B /* Build configuration list for PBXProject "Audio App" */;
			compatibilityVersion = "Xcode 9.3";
			developmentRegion = en;
			hasScannedForEncodings = 0;
			knownRegions = (
				en,
				Base,
			);
			mainGroup = 3FAD3F2526C3106400CA380B;
			productRefGroup = 3FAD3F2F26C3106400CA380B /* Products */;
			projectDirPath = "";
			projectRoot = "";
			targets = (
				3FAD3F2D26C3106400CA380B /* Audio App */,
				3FAD3F4626C3106700CA380B /* Audio AppTests */,
				3FAD3F5126C3106800CA380B /* Audio AppUITests */,
			);
		};
/* End PBXProject section */

/* Begin PBXResourcesBuildPhase section */
		3FAD3F2C26C3106400CA380B /* Resources */ = {
			isa = PBXResourcesBuildPhase;
			buildActionMask = 2147483647;
			files = (
				3FAD3F6526C310CB00CA380B /* Itadori.jpeg in Resources */,
				3FAD3F4126C3106700CA380B /* LaunchScreen.storyboard in Resources */,
				3FAD3F6726C310D700CA380B /* Mr. Goatee - Lost in Paradise (From _Jujutsu Kaisen_) myfreemp3.vip  (1).mp3 in Resources */,
				3FAD3F3E26C3106700CA380B /* Assets.xcassets in Resources */,
				3FAD3F3926C3106400CA380B /* Main.storyboard in Resources */,
			);
			runOnlyForDeploymentPostprocessing = 0;
		};
		3FAD3F4526C3106700CA380B /* Resources */ = {
			isa = PBXResourcesBuildPhase;
			buildActionMask = 2147483647;
			files = (
			);
			runOnlyForDeploymentPostprocessing = 0;
		};
		3FAD3F5026C3106800CA380B /* Resources */ = {
			isa = PBXResourcesBuildPhase;
			buildActionMask = 2147483647;
			files = (
			);
			runOnlyForDeploymentPostprocessing = 0;
		};
/* End PBXResourcesBuildPhase section */

/* Begin PBXSourcesBuildPhase section */
		3FAD3F2A26C3106400CA380B /* Sources */ = {
			isa = PBXSourcesBuildPhase;
			buildActionMask = 2147483647;
			files = (
				3FAD3F3C26C3106400CA380B /* Audio_App.xcdatamodeld in Sources */,
				3FAD3F3626C3106400CA380B /* ViewController.swift in Sources */,
				3FAD3F3226C3106400CA380B /* AppDelegate.swift in Sources */,
				3FAD3F3426C3106400CA380B /* SceneDelegate.swift in Sources */,
			);
			runOnlyForDeploymentPostprocessing = 0;
		};
		3FAD3F4326C3106700CA380B /* Sources */ = {
			isa = PBXSourcesBuildPhase;
			buildActionMask = 2147483647;
			files = (
				3FAD3F4C26C3106800CA380B /* Audio_AppTests.swift in Sources */,
			);
			runOnlyForDeploymentPostprocessing = 0;
		};
		3FAD3F4E26C3106800CA380B /* Sources */ = {
			isa = PBXSourcesBuildPhase;
			buildActionMask = 2147483647;
			files = (
				3FAD3F5726C3106800CA380B /* Audio_AppUITests.swift in Sources */,
			);
			runOnlyForDeploymentPostprocessing = 0;
		};
/* End PBXSourcesBuildPhase section */

/* Begin PBXTargetDependency section */
		3FAD3F4926C3106800CA380B /* PBXTargetDependency */ = {
			isa = PBXTargetDependency;
			target = 3FAD3F2D26C3106400CA380B /* Audio App */;
			targetProxy = 3FAD3F4826C3106800CA380B /* PBXContainerItemProxy */;
		};
		3FAD3F5426C3106800CA380B /* PBXTargetDependency */ = {
			isa = PBXTargetDependency;
			target = 3FAD3F2D26C3106400CA380B /* Audio App */;
			targetProxy = 3FAD3F5326C3106800CA380B /* PBXContainerItemProxy */;
		};
/* End PBXTargetDependency section */

/* Begin PBXVariantGroup section */
		3FAD3F3726C3106400CA380B /* Main.storyboard */ = {
			isa = PBXVariantGroup;
			children = (
				3FAD3F3826C3106400CA380B /* Base */,
			);
			name = Main.storyboard;
			sourceTree = "<group>";
		};
		3FAD3F3F26C3106700CA380B /* LaunchScreen.storyboard */ = {
			isa = PBXVariantGroup;
			children = (
				3FAD3F4026C3106700CA380B /* Base */,
			);
			name = LaunchScreen.storyboard;
			sourceTree = "<group>";
		};
/* End PBXVariantGroup section */

/* Begin XCBuildConfiguration section */
		3FAD3F5926C3106800CA380B /* Debug */ = {
			isa = XCBuildConfiguration;
			buildSettings = {
				ALWAYS_SEARCH_USER_PATHS = NO;
				CLANG_ANALYZER_NONNULL = YES;
				CLANG_ANALYZER_NUMBER_OBJECT_CONVERSION = YES_AGGRESSIVE;
				CLANG_CXX_LANGUAGE_STANDARD = "gnu++14";
				CLANG_CXX_LIBRARY = "libc++";
				CLANG_ENABLE_MODULES = YES;
				CLANG_ENABLE_OBJC_ARC = YES;
				CLANG_ENABLE_OBJC_WEAK = YES;
				CLANG_WARN_BLOCK_CAPTURE_AUTORELEASING = YES;
				CLANG_WARN_BOOL_CONVERSION = YES;
				CLANG_WARN_COMMA = YES;
				CLANG_WARN_CONSTANT_CONVERSION = YES;
				CLANG_WARN_DEPRECATED_OBJC_IMPLEMENTATIONS = YES;
				CLANG_WARN_DIRECT_OBJC_ISA_USAGE = YES_ERROR;
				CLANG_WARN_DOCUMENTATION_COMMENTS = YES;
				CLANG_WARN_EMPTY_BODY = YES;
				CLANG_WARN_ENUM_CONVERSION = YES;
				CLANG_WARN_INFINITE_RECURSION = YES;
				CLANG_WARN_INT_CONVERSION = YES;
				CLANG_WARN_NON_LITERAL_NULL_CONVERSION = YES;
				CLANG_WARN_OBJC_IMPLICIT_RETAIN_SELF = YES;
				CLANG_WARN_OBJC_LITERAL_CONVERSION = YES;
				CLANG_WARN_OBJC_ROOT_CLASS = YES_ERROR;
				CLANG_WARN_QUOTED_INCLUDE_IN_FRAMEWORK_HEADER = YES;
				CLANG_WARN_RANGE_LOOP_ANALYSIS = YES;
				CLANG_WARN_STRICT_PROTOTYPES = YES;
				CLANG_WARN_SUSPICIOUS_MOVE = YES;
				CLANG_WARN_UNGUARDED_AVAILABILITY = YES_AGGRESSIVE;
				CLANG_WARN_UNREACHABLE_CODE = YES;
				CLANG_WARN__DUPLICATE_METHOD_MATCH = YES;
				COPY_PHASE_STRIP = NO;
				DEBUG_INFORMATION_FORMAT = dwarf;
				ENABLE_STRICT_OBJC_MSGSEND = YES;
				ENABLE_TESTABILITY = YES;
				GCC_C_LANGUAGE_STANDARD = gnu11;
				GCC_DYNAMIC_NO_PIC = NO;
				GCC_NO_COMMON_BLOCKS = YES;
				GCC_OPTIMIZATION_LEVEL = 0;
				GCC_PREPROCESSOR_DEFINITIONS = (
					"DEBUG=1",
					"$(inherited)",
				);
				GCC_WARN_64_TO_32_BIT_CONVERSION = YES;
				GCC_WARN_ABOUT_RETURN_TYPE = YES_ERROR;
				GCC_WARN_UNDECLARED_SELECTOR = YES;
				GCC_WARN_UNINITIALIZED_AUTOS = YES_AGGRESSIVE;
				GCC_WARN_UNUSED_FUNCTION = YES;
				GCC_WARN_UNUSED_VARIABLE = YES;
				IPHONEOS_DEPLOYMENT_TARGET = 14.5;
				MTL_ENABLE_DEBUG_INFO = INCLUDE_SOURCE;
				MTL_FAST_MATH = YES;
				ONLY_ACTIVE_ARCH = YES;
				SDKROOT = iphoneos;
				SWIFT_ACTIVE_COMPILATION_CONDITIONS = DEBUG;
				SWIFT_OPTIMIZATION_LEVEL = "-Onone";
			};
			name = Debug;
		};
		3FAD3F5A26C3106800CA380B /* Release */ = {
			isa = XCBuildConfiguration;
			buildSettings = {
				ALWAYS_SEARCH_USER_PATHS = NO;
				CLANG_ANALYZER_NONNULL = YES;
				CLANG_ANALYZER_NUMBER_OBJECT_CONVERSION = YES_AGGRESSIVE;
				CLANG_CXX_LANGUAGE_STANDARD = "gnu++14";
				CLANG_CXX_LIBRARY = "libc++";
				CLANG_ENABLE_MODULES = YES;
				CLANG_ENABLE_OBJC_ARC = YES;
				CLANG_ENABLE_OBJC_WEAK = YES;
				CLANG_WARN_BLOCK_CAPTURE_AUTORELEASING = YES;
				CLANG_WARN_BOOL_CONVERSION = YES;
				CLANG_WARN_COMMA = YES;
				CLANG_WARN_CONSTANT_CONVERSION = YES;
				CLANG_WARN_DEPRECATED_OBJC_IMPLEMENTATIONS = YES;
				CLANG_WARN_DIRECT_OBJC_ISA_USAGE = YES_ERROR;
				CLANG_WARN_DOCUMENTATION_COMMENTS = YES;
				CLANG_WARN_EMPTY_BODY = YES;
				CLANG_WARN_ENUM_CONVERSION = YES;
				CLANG_WARN_INFINITE_RECURSION = YES;
				CLANG_WARN_INT_CONVERSION = YES;
				CLANG_WARN_NON_LITERAL_NULL_CONVERSION = YES;
				CLANG_WARN_OBJC_IMPLICIT_RETAIN_SELF = YES;
				CLANG_WARN_OBJC_LITERAL_CONVERSION = YES;
				CLANG_WARN_OBJC_ROOT_CLASS = YES_ERROR;
				CLANG_WARN_QUOTED_INCLUDE_IN_FRAMEWORK_HEADER = YES;
				CLANG_WARN_RANGE_LOOP_ANALYSIS = YES;
				CLANG_WARN_STRICT_PROTOTYPES = YES;
				CLANG_WARN_SUSPICIOUS_MOVE = YES;
				CLANG_WARN_UNGUARDED_AVAILABILITY = YES_AGGRESSIVE;
				CLANG_WARN_UNREACHABLE_CODE = YES;
				CLANG_WARN__DUPLICATE_METHOD_MATCH = YES;
				COPY_PHASE_STRIP = NO;
				DEBUG_INFORMATION_FORMAT = "dwarf-with-dsym";
				ENABLE_NS_ASSERTIONS = NO;
				ENABLE_STRICT_OBJC_MSGSEND = YES;
				GCC_C_LANGUAGE_STANDARD = gnu11;
				GCC_NO_COMMON_BLOCKS = YES;
				GCC_WARN_64_TO_32_BIT_CONVERSION = YES;
				GCC_WARN_ABOUT_RETURN_TYPE = YES_ERROR;
				GCC_WARN_UNDECLARED_SELECTOR = YES;
				GCC_WARN_UNINITIALIZED_AUTOS = YES_AGGRESSIVE;
				GCC_WARN_UNUSED_FUNCTION = YES;
				GCC_WARN_UNUSED_VARIABLE = YES;
				IPHONEOS_DEPLOYMENT_TARGET = 14.5;
				MTL_ENABLE_DEBUG_INFO = NO;
				MTL_FAST_MATH = YES;
				SDKROOT = iphoneos;
				SWIFT_COMPILATION_MODE = wholemodule;
				SWIFT_OPTIMIZATION_LEVEL = "-O";
				VALIDATE_PRODUCT = YES;
			};
			name = Release;
		};
		3FAD3F5C26C3106800CA380B /* Debug */ = {
			isa = XCBuildConfiguration;
			buildSettings = {
				ASSETCATALOG_COMPILER_APPICON_NAME = AppIcon;
				ASSETCATALOG_COMPILER_GLOBAL_ACCENT_COLOR_NAME = AccentColor;
				CODE_SIGN_STYLE = Automatic;
				INFOPLIST_FILE = "Audio App/Info.plist";
				LD_RUNPATH_SEARCH_PATHS = (
					"$(inherited)",
					"@executable_path/Frameworks",
				);
				PRODUCT_BUNDLE_IDENTIFIER = "Genesys-Work.Audio-App";
				PRODUCT_NAME = "$(TARGET_NAME)";
				SWIFT_VERSION = 5.0;
				TARGETED_DEVICE_FAMILY = "1,2";
			};
			name = Debug;
		};
		3FAD3F5D26C3106800CA380B /* Release */ = {
			isa = XCBuildConfiguration;
			buildSettings = {
				ASSETCATALOG_COMPILER_APPICON_NAME = AppIcon;
				ASSETCATALOG_COMPILER_GLOBAL_ACCENT_COLOR_NAME = AccentColor;
				CODE_SIGN_STYLE = Automatic;
				INFOPLIST_FILE = "Audio App/Info.plist";
				LD_RUNPATH_SEARCH_PATHS = (
					"$(inherited)",
					"@executable_path/Frameworks",
				);
				PRODUCT_BUNDLE_IDENTIFIER = "Genesys-Work.Audio-App";
				PRODUCT_NAME = "$(TARGET_NAME)";
				SWIFT_VERSION = 5.0;
				TARGETED_DEVICE_FAMILY = "1,2";
			};
			name = Release;
		};
		3FAD3F5F26C3106800CA380B /* Debug */ = {
			isa = XCBuildConfiguration;
			buildSettings = {
				ALWAYS_EMBED_SWIFT_STANDARD_LIBRARIES = YES;
				BUNDLE_LOADER = "$(TEST_HOST)";
				CODE_SIGN_STYLE = Automatic;
				INFOPLIST_FILE = "Audio AppTests/Info.plist";
				IPHONEOS_DEPLOYMENT_TARGET = 14.5;
				LD_RUNPATH_SEARCH_PATHS = (
					"$(inherited)",
					"@executable_path/Frameworks",
					"@loader_path/Frameworks",
				);
				PRODUCT_BUNDLE_IDENTIFIER = "Genesys-Work.Audio-AppTests";
				PRODUCT_NAME = "$(TARGET_NAME)";
				SWIFT_VERSION = 5.0;
				TARGETED_DEVICE_FAMILY = "1,2";
				TEST_HOST = "$(BUILT_PRODUCTS_DIR)/Audio App.app/Audio App";
			};
			name = Debug;
		};
		3FAD3F6026C3106800CA380B /* Release */ = {
			isa = XCBuildConfiguration;
			buildSettings = {
				ALWAYS_EMBED_SWIFT_STANDARD_LIBRARIES = YES;
				BUNDLE_LOADER = "$(TEST_HOST)";
				CODE_SIGN_STYLE = Automatic;
				INFOPLIST_FILE = "Audio AppTests/Info.plist";
				IPHONEOS_DEPLOYMENT_TARGET = 14.5;
				LD_RUNPATH_SEARCH_PATHS = (
					"$(inherited)",
					"@executable_path/Frameworks",
					"@loader_path/Frameworks",
				);
				PRODUCT_BUNDLE_IDENTIFIER = "Genesys-Work.Audio-AppTests";
				PRODUCT_NAME = "$(TARGET_NAME)";
				SWIFT_VERSION = 5.0;
				TARGETED_DEVICE_FAMILY = "1,2";
				TEST_HOST = "$(BUILT_PRODUCTS_DIR)/Audio App.app/Audio App";
			};
			name = Release;
		};
		3FAD3F6226C3106800CA380B /* Debug */ = {
			isa = XCBuildConfiguration;
			buildSettings = {
				ALWAYS_EMBED_SWIFT_STANDARD_LIBRARIES = YES;
				CODE_SIGN_STYLE = Automatic;
				INFOPLIST_FILE = "Audio AppUITests/Info.plist";
				LD_RUNPATH_SEARCH_PATHS = (
					"$(inherited)",
					"@executable_path/Frameworks",
					"@loader_path/Frameworks",
				);
				PRODUCT_BUNDLE_IDENTIFIER = "Genesys-Work.Audio-AppUITests";
				PRODUCT_NAME = "$(TARGET_NAME)";
				SWIFT_VERSION = 5.0;
				TARGETED_DEVICE_FAMILY = "1,2";
				TEST_TARGET_NAME = "Audio App";
			};
			name = Debug;
		};
		3FAD3F6326C3106800CA380B /* Release */ = {
			isa = XCBuildConfiguration;
			buildSettings = {
				ALWAYS_EMBED_SWIFT_STANDARD_LIBRARIES = YES;
				CODE_SIGN_STYLE = Automatic;
				INFOPLIST_FILE = "Audio AppUITests/Info.plist";
				LD_RUNPATH_SEARCH_PATHS = (
					"$(inherited)",
					"@executable_path/Frameworks",
					"@loader_path/Frameworks",
				);
				PRODUCT_BUNDLE_IDENTIFIER = "Genesys-Work.Audio-AppUITests";
				PRODUCT_NAME = "$(TARGET_NAME)";
				SWIFT_VERSION = 5.0;
				TARGETED_DEVICE_FAMILY = "1,2";
				TEST_TARGET_NAME = "Audio App";
			};
			name = Release;
		};
/* End XCBuildConfiguration section */

/* Begin XCConfigurationList section */
		3FAD3F2926C3106400CA380B /* Build configuration list for PBXProject "Audio App" */ = {
			isa = XCConfigurationList;
			buildConfigurations = (
				3FAD3F5926C3106800CA380B /* Debug */,
				3FAD3F5A26C3106800CA380B /* Release */,
			);
			defaultConfigurationIsVisible = 0;
			defaultConfigurationName = Release;
		};
		3FAD3F5B26C3106800CA380B /* Build configuration list for PBXNativeTarget "Audio App" */ = {
			isa = XCConfigurationList;
			buildConfigurations = (
				3FAD3F5C26C3106800CA380B /* Debug */,
				3FAD3F5D26C3106800CA380B /* Release */,
			);
			defaultConfigurationIsVisible = 0;
			defaultConfigurationName = Release;
		};
		3FAD3F5E26C3106800CA380B /* Build configuration list for PBXNativeTarget "Audio AppTests" */ = {
			isa = XCConfigurationList;
			buildConfigurations = (
				3FAD3F5F26C3106800CA380B /* Debug */,
				3FAD3F6026C3106800CA380B /* Release */,
			);
			defaultConfigurationIsVisible = 0;
			defaultConfigurationName = Release;
		};
		3FAD3F6126C3106800CA380B /* Build configuration list for PBXNativeTarget "Audio AppUITests" */ = {
			isa = XCConfigurationList;
			buildConfigurations = (
				3FAD3F6226C3106800CA380B /* Debug */,
				3FAD3F6326C3106800CA380B /* Release */,
			);
			defaultConfigurationIsVisible = 0;
			defaultConfigurationName = Release;
		};
/* End XCConfigurationList section */

/* Begin XCVersionGroup section */
		3FAD3F3A26C3106400CA380B /* Audio_App.xcdatamodeld */ = {
			isa = XCVersionGroup;
			children = (
				3FAD3F3B26C3106400CA380B /* Audio_App.xcdatamodel */,
			);
			currentVersion = 3FAD3F3B26C3106400CA380B /* Audio_App.xcdatamodel */;
			path = Audio_App.xcdatamodeld;
			sourceTree = "<group>";
			versionGroupType = wrapper.xcdatamodel;
		};
/* End XCVersionGroup section */
	};
	rootObject = 3FAD3F2626C3106400CA380B /* Project object */;
}
